// !$*UTF8*$!
{
	archiveVersion = 1;
	classes = {
	};
	objectVersion = 56;
	objects = {

/* Begin PBXBuildFile section */
		830EFDE92C3AA17200272C77 /* EnterViewController.swift in Sources */ = {isa = PBXBuildFile; fileRef = 830EFDE82C3AA17200272C77 /* EnterViewController.swift */; };
		834D02D32C39DF2B006A5C1B /* FoodViewController.swift in Sources */ = {isa = PBXBuildFile; fileRef = 834D02D22C39DF2B006A5C1B /* FoodViewController.swift */; };
		834D02DB2C39EE7C006A5C1B /* AdCell.swift in Sources */ = {isa = PBXBuildFile; fileRef = 834D02DA2C39EE7C006A5C1B /* AdCell.swift */; };
		834D02DF2C3A0297006A5C1B /* AdCell.xib in Resources */ = {isa = PBXBuildFile; fileRef = 834D02DE2C3A0297006A5C1B /* AdCell.xib */; };
		834D03042C3A0F4A006A5C1B /* Media.xcassets in Resources */ = {isa = PBXBuildFile; fileRef = 834D03032C3A0F4A006A5C1B /* Media.xcassets */; };
		83663E092C3AA5060046290A /* Main.storyboard in Resources */ = {isa = PBXBuildFile; fileRef = 83663E082C3AA5060046290A /* Main.storyboard */; };
		83938ACD2C3A38BE006EE060 /* ErrorViewController.swift in Sources */ = {isa = PBXBuildFile; fileRef = 83938ACC2C3A38BE006EE060 /* ErrorViewController.swift */; };
		83938ACF2C3A38C5006EE060 /* MainViewController.swift in Sources */ = {isa = PBXBuildFile; fileRef = 83938ACE2C3A38C5006EE060 /* MainViewController.swift */; };
		83938AD12C3A38D1006EE060 /* SceneDelegate.swift in Sources */ = {isa = PBXBuildFile; fileRef = 83938AD02C3A38D1006EE060 /* SceneDelegate.swift */; };
		83979A482C384117001A7836 /* Base in Resources */ = {isa = PBXBuildFile; fileRef = 83979A472C384117001A7836 /* Base */; };
		83979A512C384146001A7836 /* AppDelegate.swift in Sources */ = {isa = PBXBuildFile; fileRef = 83979A502C384146001A7836 /* AppDelegate.swift */; };
		83979A642C38805A001A7836 /* RegistrationViewController.swift in Sources */ = {isa = PBXBuildFile; fileRef = 83979A632C38805A001A7836 /* RegistrationViewController.swift */; };
		83979A682C388D56001A7836 /* ProfileViewController.swift in Sources */ = {isa = PBXBuildFile; fileRef = 83979A672C388D56001A7836 /* ProfileViewController.swift */; };
/* End PBXBuildFile section */

/* Begin PBXFileReference section */
		830EFDE82C3AA17200272C77 /* EnterViewController.swift */ = {isa = PBXFileReference; lastKnownFileType = sourcecode.swift; path = EnterViewController.swift; sourceTree = "<group>"; };
		834D02D22C39DF2B006A5C1B /* FoodViewController.swift */ = {isa = PBXFileReference; lastKnownFileType = sourcecode.swift; path = FoodViewController.swift; sourceTree = "<group>"; };
		834D02DA2C39EE7C006A5C1B /* AdCell.swift */ = {isa = PBXFileReference; lastKnownFileType = sourcecode.swift; path = AdCell.swift; sourceTree = "<group>"; };
		834D02DE2C3A0297006A5C1B /* AdCell.xib */ = {isa = PBXFileReference; lastKnownFileType = file.xib; path = AdCell.xib; sourceTree = "<group>"; };
		834D03032C3A0F4A006A5C1B /* Media.xcassets */ = {isa = PBXFileReference; lastKnownFileType = folder.assetcatalog; path = Media.xcassets; sourceTree = "<group>"; };
		83663E082C3AA5060046290A /* Main.storyboard */ = {isa = PBXFileReference; fileEncoding = 4; lastKnownFileType = file.storyboard; path = Main.storyboard; sourceTree = "<group>"; };
		83938ACC2C3A38BE006EE060 /* ErrorViewController.swift */ = {isa = PBXFileReference; fileEncoding = 4; lastKnownFileType = sourcecode.swift; path = ErrorViewController.swift; sourceTree = "<group>"; };
		83938ACE2C3A38C5006EE060 /* MainViewController.swift */ = {isa = PBXFileReference; fileEncoding = 4; lastKnownFileType = sourcecode.swift; path = MainViewController.swift; sourceTree = "<group>"; };
		83938AD02C3A38D1006EE060 /* SceneDelegate.swift */ = {isa = PBXFileReference; fileEncoding = 4; lastKnownFileType = sourcecode.swift; path = SceneDelegate.swift; sourceTree = "<group>"; };
		83979A382C384116001A7836 /* project1234.app */ = {isa = PBXFileReference; explicitFileType = wrapper.application; includeInIndex = 0; path = project1234.app; sourceTree = BUILT_PRODUCTS_DIR; };
		83979A472C384117001A7836 /* Base */ = {isa = PBXFileReference; lastKnownFileType = file.storyboard; name = Base; path = Base.lproj/LaunchScreen.storyboard; sourceTree = "<group>"; };
		83979A492C384117001A7836 /* Info.plist */ = {isa = PBXFileReference; lastKnownFileType = text.plist.xml; path = Info.plist; sourceTree = "<group>"; };
		83979A4F2C384145001A7836 /* project1234-Bridging-Header.h */ = {isa = PBXFileReference; lastKnownFileType = sourcecode.c.h; path = "project1234-Bridging-Header.h"; sourceTree = "<group>"; };
		83979A502C384146001A7836 /* AppDelegate.swift */ = {isa = PBXFileReference; fileEncoding = 4; lastKnownFileType = sourcecode.swift; path = AppDelegate.swift; sourceTree = "<group>"; };
		83979A632C38805A001A7836 /* RegistrationViewController.swift */ = {isa = PBXFileReference; lastKnownFileType = sourcecode.swift; path = RegistrationViewController.swift; sourceTree = "<group>"; };
		83979A672C388D56001A7836 /* ProfileViewController.swift */ = {isa = PBXFileReference; lastKnownFileType = sourcecode.swift; path = ProfileViewController.swift; sourceTree = "<group>"; };
/* End PBXFileReference section */

/* Begin PBXFrameworksBuildPhase section */
		83979A352C384116001A7836 /* Frameworks */ = {
			isa = PBXFrameworksBuildPhase;
			buildActionMask = 2147483647;
			files = (
			);
			runOnlyForDeploymentPostprocessing = 0;
		};
/* End PBXFrameworksBuildPhase section */

/* Begin PBXGroup section */
		834D02D42C39E918006A5C1B /* AdCell */ = {
			isa = PBXGroup;
			children = (
				834D02DA2C39EE7C006A5C1B /* AdCell.swift */,
				834D02DE2C3A0297006A5C1B /* AdCell.xib */,
			);
			path = AdCell;
			sourceTree = "<group>";
		};
		83979A2F2C384116001A7836 = {
			isa = PBXGroup;
			children = (
				83979A3A2C384116001A7836 /* project1234 */,
				83979A392C384116001A7836 /* Products */,
			);
			sourceTree = "<group>";
		};
		83979A392C384116001A7836 /* Products */ = {
			isa = PBXGroup;
			children = (
				83979A382C384116001A7836 /* project1234.app */,
			);
			name = Products;
			sourceTree = "<group>";
		};
		83979A3A2C384116001A7836 /* project1234 */ = {
			isa = PBXGroup;
			children = (
				834D02D42C39E918006A5C1B /* AdCell */,
				83979A492C384117001A7836 /* Info.plist */,
				83979A462C384117001A7836 /* LaunchScreen.storyboard */,
				83938ACE2C3A38C5006EE060 /* MainViewController.swift */,
				83979A502C384146001A7836 /* AppDelegate.swift */,
				83938ACC2C3A38BE006EE060 /* ErrorViewController.swift */,
				83979A4F2C384145001A7836 /* project1234-Bridging-Header.h */,
				83938AD02C3A38D1006EE060 /* SceneDelegate.swift */,
				83979A632C38805A001A7836 /* RegistrationViewController.swift */,
				83979A672C388D56001A7836 /* ProfileViewController.swift */,
				834D02D22C39DF2B006A5C1B /* FoodViewController.swift */,
				834D03032C3A0F4A006A5C1B /* Media.xcassets */,
				830EFDE82C3AA17200272C77 /* EnterViewController.swift */,
				83663E082C3AA5060046290A /* Main.storyboard */,
			);
			path = project1234;
			sourceTree = "<group>";
		};
/* End PBXGroup section */

/* Begin PBXNativeTarget section */
		83979A372C384116001A7836 /* project1234 */ = {
			isa = PBXNativeTarget;
			buildConfigurationList = 83979A4C2C384117001A7836 /* Build configuration list for PBXNativeTarget "project1234" */;
			buildPhases = (
				83979A342C384116001A7836 /* Sources */,
				83979A352C384116001A7836 /* Frameworks */,
				83979A362C384116001A7836 /* Resources */,
			);
			buildRules = (
			);
			dependencies = (
			);
			name = project1234;
			productName = project1234;
			productReference = 83979A382C384116001A7836 /* project1234.app */;
			productType = "com.apple.product-type.application";
		};
/* End PBXNativeTarget section */

/* Begin PBXProject section */
		83979A302C384116001A7836 /* Project object */ = {
			isa = PBXProject;
			attributes = {
				BuildIndependentTargetsInParallel = 1;
				LastSwiftUpdateCheck = 1540;
				LastUpgradeCheck = 1540;
				TargetAttributes = {
					83979A372C384116001A7836 = {
						CreatedOnToolsVersion = 15.4;
						LastSwiftMigration = 1540;
					};
				};
			};
			buildConfigurationList = 83979A332C384116001A7836 /* Build configuration list for PBXProject "project1234" */;
			compatibilityVersion = "Xcode 14.0";
			developmentRegion = en;
			hasScannedForEncodings = 0;
			knownRegions = (
				en,
				Base,
			);
			mainGroup = 83979A2F2C384116001A7836;
			productRefGroup = 83979A392C384116001A7836 /* Products */;
			projectDirPath = "";
			projectRoot = "";
			targets = (
				83979A372C384116001A7836 /* project1234 */,
			);
		};
/* End PBXProject section */

/* Begin PBXResourcesBuildPhase section */
		83979A362C384116001A7836 /* Resources */ = {
			isa = PBXResourcesBuildPhase;
			buildActionMask = 2147483647;
			files = (
				834D02DF2C3A0297006A5C1B /* AdCell.xib in Resources */,
				834D03042C3A0F4A006A5C1B /* Media.xcassets in Resources */,
				83979A482C384117001A7836 /* Base in Resources */,
				83663E092C3AA5060046290A /* Main.storyboard in Resources */,
			);
			runOnlyForDeploymentPostprocessing = 0;
		};
/* End PBXResourcesBuildPhase section */

/* Begin PBXSourcesBuildPhase section */
		83979A342C384116001A7836 /* Sources */ = {
			isa = PBXSourcesBuildPhase;
			buildActionMask = 2147483647;
			files = (
				834D02DB2C39EE7C006A5C1B /* AdCell.swift in Sources */,
				83979A512C384146001A7836 /* AppDelegate.swift in Sources */,
				83938ACF2C3A38C5006EE060 /* MainViewController.swift in Sources */,
				834D02D32C39DF2B006A5C1B /* FoodViewController.swift in Sources */,
				83938ACD2C3A38BE006EE060 /* ErrorViewController.swift in Sources */,
				830EFDE92C3AA17200272C77 /* EnterViewController.swift in Sources */,
				83938AD12C3A38D1006EE060 /* SceneDelegate.swift in Sources */,
				83979A642C38805A001A7836 /* RegistrationViewController.swift in Sources */,
				83979A682C388D56001A7836 /* ProfileViewController.swift in Sources */,
			);
			runOnlyForDeploymentPostprocessing = 0;
		};
/* End PBXSourcesBuildPhase section */

/* Begin PBXVariantGroup section */
		83979A462C384117001A7836 /* LaunchScreen.storyboard */ = {
			isa = PBXVariantGroup;
			children = (
				83979A472C384117001A7836 /* Base */,
			);
			name = LaunchScreen.storyboard;
			sourceTree = "<group>";
		};
/* End PBXVariantGroup section */

/* Begin XCBuildConfiguration section */
		83979A4A2C384117001A7836 /* Debug */ = {
			isa = XCBuildConfiguration;
			buildSettings = {
				ALWAYS_SEARCH_USER_PATHS = NO;
				ASSETCATALOG_COMPILER_GENERATE_SWIFT_ASSET_SYMBOL_EXTENSIONS = YES;
				CLANG_ANALYZER_NONNULL = YES;
				CLANG_ANALYZER_NUMBER_OBJECT_CONVERSION = YES_AGGRESSIVE;
				CLANG_CXX_LANGUAGE_STANDARD = "gnu++20";
				CLANG_ENABLE_MODULES = YES;
				CLANG_ENABLE_OBJC_ARC = YES;
				CLANG_ENABLE_OBJC_WEAK = YES;
				CLANG_WARN_BLOCK_CAPTURE_AUTORELEASING = YES;
				CLANG_WARN_BOOL_CONVERSION = YES;
				CLANG_WARN_COMMA = YES;
				CLANG_WARN_CONSTANT_CONVERSION = YES;
				CLANG_WARN_DEPRECATED_OBJC_IMPLEMENTATIONS = YES;
				CLANG_WARN_DIRECT_OBJC_ISA_USAGE = YES_ERROR;
				CLANG_WARN_DOCUMENTATION_COMMENTS = YES;
				CLANG_WARN_EMPTY_BODY = YES;
				CLANG_WARN_ENUM_CONVERSION = YES;
				CLANG_WARN_INFINITE_RECURSION = YES;
				CLANG_WARN_INT_CONVERSION = YES;
				CLANG_WARN_NON_LITERAL_NULL_CONVERSION = YES;
				CLANG_WARN_OBJC_IMPLICIT_RETAIN_SELF = YES;
				CLANG_WARN_OBJC_LITERAL_CONVERSION = YES;
				CLANG_WARN_OBJC_ROOT_CLASS = YES_ERROR;
				CLANG_WARN_QUOTED_INCLUDE_IN_FRAMEWORK_HEADER = YES;
				CLANG_WARN_RANGE_LOOP_ANALYSIS = YES;
				CLANG_WARN_STRICT_PROTOTYPES = YES;
				CLANG_WARN_SUSPICIOUS_MOVE = YES;
				CLANG_WARN_UNGUARDED_AVAILABILITY = YES_AGGRESSIVE;
				CLANG_WARN_UNREACHABLE_CODE = YES;
				CLANG_WARN__DUPLICATE_METHOD_MATCH = YES;
				COPY_PHASE_STRIP = NO;
				DEBUG_INFORMATION_FORMAT = dwarf;
				ENABLE_STRICT_OBJC_MSGSEND = YES;
				ENABLE_TESTABILITY = YES;
				ENABLE_USER_SCRIPT_SANDBOXING = YES;
				GCC_C_LANGUAGE_STANDARD = gnu17;
				GCC_DYNAMIC_NO_PIC = NO;
				GCC_NO_COMMON_BLOCKS = YES;
				GCC_OPTIMIZATION_LEVEL = 0;
				GCC_PREPROCESSOR_DEFINITIONS = (
					"DEBUG=1",
					"$(inherited)",
				);
				GCC_WARN_64_TO_32_BIT_CONVERSION = YES;
				GCC_WARN_ABOUT_RETURN_TYPE = YES_ERROR;
				GCC_WARN_UNDECLARED_SELECTOR = YES;
				GCC_WARN_UNINITIALIZED_AUTOS = YES_AGGRESSIVE;
				GCC_WARN_UNUSED_FUNCTION = YES;
				GCC_WARN_UNUSED_VARIABLE = YES;
				IPHONEOS_DEPLOYMENT_TARGET = 17.5;
				LOCALIZATION_PREFERS_STRING_CATALOGS = YES;
				MTL_ENABLE_DEBUG_INFO = INCLUDE_SOURCE;
				MTL_FAST_MATH = YES;
				ONLY_ACTIVE_ARCH = YES;
				SDKROOT = iphoneos;
				SWIFT_ACTIVE_COMPILATION_CONDITIONS = "DEBUG $(inherited)";
				SWIFT_OPTIMIZATION_LEVEL = "-Onone";
			};
			name = Debug;
		};
		83979A4B2C384117001A7836 /* Release */ = {
			isa = XCBuildConfiguration;
			buildSettings = {
				ALWAYS_SEARCH_USER_PATHS = NO;
				ASSETCATALOG_COMPILER_GENERATE_SWIFT_ASSET_SYMBOL_EXTENSIONS = YES;
				CLANG_ANALYZER_NONNULL = YES;
				CLANG_ANALYZER_NUMBER_OBJECT_CONVERSION = YES_AGGRESSIVE;
				CLANG_CXX_LANGUAGE_STANDARD = "gnu++20";
				CLANG_ENABLE_MODULES = YES;
				CLANG_ENABLE_OBJC_ARC = YES;
				CLANG_ENABLE_OBJC_WEAK = YES;
				CLANG_WARN_BLOCK_CAPTURE_AUTORELEASING = YES;
				CLANG_WARN_BOOL_CONVERSION = YES;
				CLANG_WARN_COMMA = YES;
				CLANG_WARN_CONSTANT_CONVERSION = YES;
				CLANG_WARN_DEPRECATED_OBJC_IMPLEMENTATIONS = YES;
				CLANG_WARN_DIRECT_OBJC_ISA_USAGE = YES_ERROR;
				CLANG_WARN_DOCUMENTATION_COMMENTS = YES;
				CLANG_WARN_EMPTY_BODY = YES;
				CLANG_WARN_ENUM_CONVERSION = YES;
				CLANG_WARN_INFINITE_RECURSION = YES;
				CLANG_WARN_INT_CONVERSION = YES;
				CLANG_WARN_NON_LITERAL_NULL_CONVERSION = YES;
				CLANG_WARN_OBJC_IMPLICIT_RETAIN_SELF = YES;
				CLANG_WARN_OBJC_LITERAL_CONVERSION = YES;
				CLANG_WARN_OBJC_ROOT_CLASS = YES_ERROR;
				CLANG_WARN_QUOTED_INCLUDE_IN_FRAMEWORK_HEADER = YES;
				CLANG_WARN_RANGE_LOOP_ANALYSIS = YES;
				CLANG_WARN_STRICT_PROTOTYPES = YES;
				CLANG_WARN_SUSPICIOUS_MOVE = YES;
				CLANG_WARN_UNGUARDED_AVAILABILITY = YES_AGGRESSIVE;
				CLANG_WARN_UNREACHABLE_CODE = YES;
				CLANG_WARN__DUPLICATE_METHOD_MATCH = YES;
				COPY_PHASE_STRIP = NO;
				DEBUG_INFORMATION_FORMAT = "dwarf-with-dsym";
				ENABLE_NS_ASSERTIONS = NO;
				ENABLE_STRICT_OBJC_MSGSEND = YES;
				ENABLE_USER_SCRIPT_SANDBOXING = YES;
				GCC_C_LANGUAGE_STANDARD = gnu17;
				GCC_NO_COMMON_BLOCKS = YES;
				GCC_WARN_64_TO_32_BIT_CONVERSION = YES;
				GCC_WARN_ABOUT_RETURN_TYPE = YES_ERROR;
				GCC_WARN_UNDECLARED_SELECTOR = YES;
				GCC_WARN_UNINITIALIZED_AUTOS = YES_AGGRESSIVE;
				GCC_WARN_UNUSED_FUNCTION = YES;
				GCC_WARN_UNUSED_VARIABLE = YES;
				IPHONEOS_DEPLOYMENT_TARGET = 17.5;
				LOCALIZATION_PREFERS_STRING_CATALOGS = YES;
				MTL_ENABLE_DEBUG_INFO = NO;
				MTL_FAST_MATH = YES;
				SDKROOT = iphoneos;
				SWIFT_COMPILATION_MODE = wholemodule;
				VALIDATE_PRODUCT = YES;
			};
			name = Release;
		};
		83979A4D2C384117001A7836 /* Debug */ = {
			isa = XCBuildConfiguration;
			buildSettings = {
				ASSETCATALOG_COMPILER_APPICON_NAME = AppIcon;
				ASSETCATALOG_COMPILER_GLOBAL_ACCENT_COLOR_NAME = AccentColor;
				CLANG_ENABLE_MODULES = YES;
				CODE_SIGN_STYLE = Automatic;
				CURRENT_PROJECT_VERSION = 1;
				GENERATE_INFOPLIST_FILE = YES;
				INFOPLIST_FILE = project1234/Info.plist;
				INFOPLIST_KEY_UIApplicationSupportsIndirectInputEvents = YES;
				INFOPLIST_KEY_UILaunchStoryboardName = LaunchScreen;
				INFOPLIST_KEY_UIMainStoryboardFile = Main;
				INFOPLIST_KEY_UISupportedInterfaceOrientations_iPad = "UIInterfaceOrientationPortrait UIInterfaceOrientationPortraitUpsideDown UIInterfaceOrientationLandscapeLeft UIInterfaceOrientationLandscapeRight";
				INFOPLIST_KEY_UISupportedInterfaceOrientations_iPhone = "UIInterfaceOrientationPortrait UIInterfaceOrientationLandscapeLeft UIInterfaceOrientationLandscapeRight";
				LD_RUNPATH_SEARCH_PATHS = (
					"$(inherited)",
					"@executable_path/Frameworks",
				);
				MARKETING_VERSION = 1.0;
				PRODUCT_BUNDLE_IDENTIFIER = p.project1234;
				PRODUCT_NAME = "$(TARGET_NAME)";
				SWIFT_EMIT_LOC_STRINGS = YES;
				SWIFT_OBJC_BRIDGING_HEADER = "project1234/project1234-Bridging-Header.h";
				SWIFT_OPTIMIZATION_LEVEL = "-Onone";
				SWIFT_VERSION = 5.0;
				TARGETED_DEVICE_FAMILY = "1,2";
			};
			name = Debug;
		};
		83979A4E2C384117001A7836 /* Release */ = {
			isa = XCBuildConfiguration;
			buildSettings = {
				ASSETCATALOG_COMPILER_APPICON_NAME = AppIcon;
				ASSETCATALOG_COMPILER_GLOBAL_ACCENT_COLOR_NAME = AccentColor;
				CLANG_ENABLE_MODULES = YES;
				CODE_SIGN_STYLE = Automatic;
				CURRENT_PROJECT_VERSION = 1;
				GENERATE_INFOPLIST_FILE = YES;
				INFOPLIST_FILE = project1234/Info.plist;
				INFOPLIST_KEY_UIApplicationSupportsIndirectInputEvents = YES;
				INFOPLIST_KEY_UILaunchStoryboardName = LaunchScreen;
				INFOPLIST_KEY_UIMainStoryboardFile = Main;
				INFOPLIST_KEY_UISupportedInterfaceOrientations_iPad = "UIInterfaceOrientationPortrait UIInterfaceOrientationPortraitUpsideDown UIInterfaceOrientationLandscapeLeft UIInterfaceOrientationLandscapeRight";
				INFOPLIST_KEY_UISupportedInterfaceOrientations_iPhone = "UIInterfaceOrientationPortrait UIInterfaceOrientationLandscapeLeft UIInterfaceOrientationLandscapeRight";
				LD_RUNPATH_SEARCH_PATHS = (
					"$(inherited)",
					"@executable_path/Frameworks",
				);
				MARKETING_VERSION = 1.0;
				PRODUCT_BUNDLE_IDENTIFIER = p.project1234;
				PRODUCT_NAME = "$(TARGET_NAME)";
				SWIFT_EMIT_LOC_STRINGS = YES;
				SWIFT_OBJC_BRIDGING_HEADER = "project1234/project1234-Bridging-Header.h";
				SWIFT_VERSION = 5.0;
				TARGETED_DEVICE_FAMILY = "1,2";
			};
			name = Release;
		};
/* End XCBuildConfiguration section */

/* Begin XCConfigurationList section */
		83979A332C384116001A7836 /* Build configuration list for PBXProject "project1234" */ = {
			isa = XCConfigurationList;
			buildConfigurations = (
				83979A4A2C384117001A7836 /* Debug */,
				83979A4B2C384117001A7836 /* Release */,
			);
			defaultConfigurationIsVisible = 0;
			defaultConfigurationName = Release;
		};
		83979A4C2C384117001A7836 /* Build configuration list for PBXNativeTarget "project1234" */ = {
			isa = XCConfigurationList;
			buildConfigurations = (
				83979A4D2C384117001A7836 /* Debug */,
				83979A4E2C384117001A7836 /* Release */,
			);
			defaultConfigurationIsVisible = 0;
			defaultConfigurationName = Release;
		};
/* End XCConfigurationList section */
	};
	rootObject = 83979A302C384116001A7836 /* Project object */;
}
